Microsoft Visual Studio Solution File, Format Version 12.00
# Visual Studio Version 17
VisualStudioVersion = 17.5.2.0
MinimumVisualStudioVersion = 10.0.40219.1
Project("{FAE04EC0-301F-11D3-BF4B-00C04F79EFBC}") = "SalesReportPdfApp", "SalesReportPdfApp.csproj", "{233C8ABF-B4A3-ED57-B601-B88AC6A45CF4}"
EndProject
Global
	GlobalSection(SolutionConfigurationPlatforms) = preSolution
		Debug|Any CPU = Debug|Any CPU
		Release|Any CPU = Release|Any CPU
	EndGlobalSection
	GlobalSection(ProjectConfigurationPlatforms) = postSolution
		{233C8ABF-B4A3-ED57-B601-B88AC6A45CF4}.Debug|Any CPU.ActiveCfg = Debug|Any CPU
		{233C8ABF-B4A3-ED57-B601-B88AC6A45CF4}.Debug|Any CPU.Build.0 = Debug|Any CPU
		{233C8ABF-B4A3-ED57-B601-B88AC6A45CF4}.Release|Any CPU.ActiveCfg = Release|Any CPU
		{233C8ABF-B4A3-ED57-B601-B88AC6A45CF4}.Release|Any CPU.Build.0 = Release|Any CPU
	EndGlobalSection
	GlobalSection(SolutionProperties) = preSolution
		HideSolutionNode = FALSE
	EndGlobalSection
	GlobalSection(ExtensibilityGlobals) = postSolution
		SolutionGuid = {FA47F523-B85A-419C-81D1-D6F0F8E7E1E6}
	EndGlobalSection
EndGlobal
